
Microsoft Visual Studio Solution File, Format Version 12.00
# Visual Studio Version 17
VisualStudioVersion = 17.5.002.0
MinimumVisualStudioVersion = 10.0.40219.1
Project("{9A19103F-16F7-4668-BE54-9A1E7A4F7556}") = "projeto_02", "projeto_02.csproj", "{C0AB8DC2-F983-461C-9AF7-74FA438732F9}"
EndProject
Global
	GlobalSection(SolutionConfigurationPlatforms) = preSolution
		Debug|Any CPU = Debug|Any CPU
		Release|Any CPU = Release|Any CPU
	EndGlobalSection
	GlobalSection(ProjectConfigurationPlatforms) = postSolution
		{C0AB8DC2-F983-461C-9AF7-74FA438732F9}.Debug|Any CPU.ActiveCfg = Debug|Any CPU
		{C0AB8DC2-F983-461C-9AF7-74FA438732F9}.Debug|Any CPU.Build.0 = Debug|Any CPU
		{C0AB8DC2-F983-461C-9AF7-74FA438732F9}.Release|Any CPU.ActiveCfg = Release|Any CPU
		{C0AB8DC2-F983-461C-9AF7-74FA438732F9}.Release|Any CPU.Build.0 = Release|Any CPU
	EndGlobalSection
	GlobalSection(SolutionProperties) = preSolution
		HideSolutionNode = FALSE
	EndGlobalSection
	GlobalSection(ExtensibilityGlobals) = postSolution
		SolutionGuid = {471089BF-6488-44CA-B83E-504DF343B2A6}
	EndGlobalSection
EndGlobal
